
Microsoft Visual Studio Solution File, Format Version 12.00
# Visual Studio Version 17
VisualStudioVersion = 17.11.35222.181
MinimumVisualStudioVersion = 10.0.40219.1
Project("{9A19103F-16F7-4668-BE54-9A1E7A4F7556}") = "MTS.Domain", "MTS.Domain\MTS.Domain.csproj", "{36D5F0B0-7DF9-4F9E-B3FE-22A8C0A9A78C}"
EndProject
Project("{9A19103F-16F7-4668-BE54-9A1E7A4F7556}") = "MTS.Infrastructure", "MTS.Infrastructure\MTS.Infrastructure.csproj", "{52D82624-F4FE-4CFC-8084-6E472F458F6E}"
EndProject
Project("{9A19103F-16F7-4668-BE54-9A1E7A4F7556}") = "MTS.WebApi", "MST.WebApi\MTS.WebApi.csproj", "{0B92D363-2C77-420D-A5A4-BB73FB7BDF15}"
EndProject
Project("{9A19103F-16F7-4668-BE54-9A1E7A4F7556}") = "Infrastructure", "Infrastructure\Infrastructure.csproj", "{D3632E5B-E1D4-4817-B0A6-391B45199C98}"
EndProject
Project("{9A19103F-16F7-4668-BE54-9A1E7A4F7556}") = "Domain", "Domain\Domain.csproj", "{C11DAFB9-0F2F-43D6-B8E6-4722E73BD78E}"
EndProject
Project("{9A19103F-16F7-4668-BE54-9A1E7A4F7556}") = "ASPNETCore", "ASPNETCore\ASPNETCore.csproj", "{0FA8713A-AD4F-4182-863E-69B369DF40E9}"
EndProject
Project("{9A19103F-16F7-4668-BE54-9A1E7A4F7556}") = "Commons", "Commons\Commons.csproj", "{6AA1C016-3587-4E22-90BA-BB60F959F748}"
EndProject
Project("{2150E333-8FDC-42A3-9474-1A3956D46DE8}") = "CommonGroups", "CommonGroups", "{8F0BD1C5-6CDE-41D5-BB25-E8BE2D9DFE31}"
EndProject
Project("{9A19103F-16F7-4668-BE54-9A1E7A4F7556}") = "CacheServices", "CacheServices\CacheServices.csproj", "{80006CEB-F554-45BF-ADB7-0779F89658FE}"
EndProject
Project("{FAE04EC0-301F-11D3-BF4B-00C04F79EFBC}") = "CommonInitializer", "CommonInitializer\CommonInitializer.csproj", "{591D64FC-96DB-41F2-9CB1-F95E52FD10FF}"
EndProject
Project("{FAE04EC0-301F-11D3-BF4B-00C04F79EFBC}") = "EventBus", "EventBus\EventBus.csproj", "{E96BC89C-BFD5-4565-A491-7BF355AE7809}"
EndProject
Global
	GlobalSection(SolutionConfigurationPlatforms) = preSolution
		Debug|Any CPU = Debug|Any CPU
		Release|Any CPU = Release|Any CPU
	EndGlobalSection
	GlobalSection(ProjectConfigurationPlatforms) = postSolution
		{36D5F0B0-7DF9-4F9E-B3FE-22A8C0A9A78C}.Debug|Any CPU.ActiveCfg = Debug|Any CPU
		{36D5F0B0-7DF9-4F9E-B3FE-22A8C0A9A78C}.Debug|Any CPU.Build.0 = Debug|Any CPU
		{36D5F0B0-7DF9-4F9E-B3FE-22A8C0A9A78C}.Release|Any CPU.ActiveCfg = Release|Any CPU
		{36D5F0B0-7DF9-4F9E-B3FE-22A8C0A9A78C}.Release|Any CPU.Build.0 = Release|Any CPU
		{52D82624-F4FE-4CFC-8084-6E472F458F6E}.Debug|Any CPU.ActiveCfg = Debug|Any CPU
		{52D82624-F4FE-4CFC-8084-6E472F458F6E}.Debug|Any CPU.Build.0 = Debug|Any CPU
		{52D82624-F4FE-4CFC-8084-6E472F458F6E}.Release|Any CPU.ActiveCfg = Release|Any CPU
		{52D82624-F4FE-4CFC-8084-6E472F458F6E}.Release|Any CPU.Build.0 = Release|Any CPU
		{0B92D363-2C77-420D-A5A4-BB73FB7BDF15}.Debug|Any CPU.ActiveCfg = Debug|Any CPU
		{0B92D363-2C77-420D-A5A4-BB73FB7BDF15}.Debug|Any CPU.Build.0 = Debug|Any CPU
		{0B92D363-2C77-420D-A5A4-BB73FB7BDF15}.Release|Any CPU.ActiveCfg = Release|Any CPU
		{0B92D363-2C77-420D-A5A4-BB73FB7BDF15}.Release|Any CPU.Build.0 = Release|Any CPU
		{D3632E5B-E1D4-4817-B0A6-391B45199C98}.Debug|Any CPU.ActiveCfg = Debug|Any CPU
		{D3632E5B-E1D4-4817-B0A6-391B45199C98}.Debug|Any CPU.Build.0 = Debug|Any CPU
		{D3632E5B-E1D4-4817-B0A6-391B45199C98}.Release|Any CPU.ActiveCfg = Release|Any CPU
		{D3632E5B-E1D4-4817-B0A6-391B45199C98}.Release|Any CPU.Build.0 = Release|Any CPU
		{C11DAFB9-0F2F-43D6-B8E6-4722E73BD78E}.Debug|Any CPU.ActiveCfg = Debug|Any CPU
		{C11DAFB9-0F2F-43D6-B8E6-4722E73BD78E}.Debug|Any CPU.Build.0 = Debug|Any CPU
		{C11DAFB9-0F2F-43D6-B8E6-4722E73BD78E}.Release|Any CPU.ActiveCfg = Release|Any CPU
		{C11DAFB9-0F2F-43D6-B8E6-4722E73BD78E}.Release|Any CPU.Build.0 = Release|Any CPU
		{0FA8713A-AD4F-4182-863E-69B369DF40E9}.Debug|Any CPU.ActiveCfg = Debug|Any CPU
		{0FA8713A-AD4F-4182-863E-69B369DF40E9}.Debug|Any CPU.Build.0 = Debug|Any CPU
		{0FA8713A-AD4F-4182-863E-69B369DF40E9}.Release|Any CPU.ActiveCfg = Release|Any CPU
		{0FA8713A-AD4F-4182-863E-69B369DF40E9}.Release|Any CPU.Build.0 = Release|Any CPU
		{6AA1C016-3587-4E22-90BA-BB60F959F748}.Debug|Any CPU.ActiveCfg = Debug|Any CPU
		{6AA1C016-3587-4E22-90BA-BB60F959F748}.Debug|Any CPU.Build.0 = Debug|Any CPU
		{6AA1C016-3587-4E22-90BA-BB60F959F748}.Release|Any CPU.ActiveCfg = Release|Any CPU
		{6AA1C016-3587-4E22-90BA-BB60F959F748}.Release|Any CPU.Build.0 = Release|Any CPU
		{80006CEB-F554-45BF-ADB7-0779F89658FE}.Debug|Any CPU.ActiveCfg = Debug|Any CPU
		{80006CEB-F554-45BF-ADB7-0779F89658FE}.Debug|Any CPU.Build.0 = Debug|Any CPU
		{80006CEB-F554-45BF-ADB7-0779F89658FE}.Release|Any CPU.ActiveCfg = Release|Any CPU
		{80006CEB-F554-45BF-ADB7-0779F89658FE}.Release|Any CPU.Build.0 = Release|Any CPU
		{591D64FC-96DB-41F2-9CB1-F95E52FD10FF}.Debug|Any CPU.ActiveCfg = Debug|Any CPU
		{591D64FC-96DB-41F2-9CB1-F95E52FD10FF}.Debug|Any CPU.Build.0 = Debug|Any CPU
		{591D64FC-96DB-41F2-9CB1-F95E52FD10FF}.Release|Any CPU.ActiveCfg = Release|Any CPU
		{591D64FC-96DB-41F2-9CB1-F95E52FD10FF}.Release|Any CPU.Build.0 = Release|Any CPU
		{E96BC89C-BFD5-4565-A491-7BF355AE7809}.Debug|Any CPU.ActiveCfg = Debug|Any CPU
		{E96BC89C-BFD5-4565-A491-7BF355AE7809}.Debug|Any CPU.Build.0 = Debug|Any CPU
		{E96BC89C-BFD5-4565-A491-7BF355AE7809}.Release|Any CPU.ActiveCfg = Release|Any CPU
		{E96BC89C-BFD5-4565-A491-7BF355AE7809}.Release|Any CPU.Build.0 = Release|Any CPU
	EndGlobalSection
	GlobalSection(SolutionProperties) = preSolution
		HideSolutionNode = FALSE
	EndGlobalSection
	GlobalSection(NestedProjects) = preSolution
		{D3632E5B-E1D4-4817-B0A6-391B45199C98} = {8F0BD1C5-6CDE-41D5-BB25-E8BE2D9DFE31}
		{C11DAFB9-0F2F-43D6-B8E6-4722E73BD78E} = {8F0BD1C5-6CDE-41D5-BB25-E8BE2D9DFE31}
		{0FA8713A-AD4F-4182-863E-69B369DF40E9} = {8F0BD1C5-6CDE-41D5-BB25-E8BE2D9DFE31}
		{6AA1C016-3587-4E22-90BA-BB60F959F748} = {8F0BD1C5-6CDE-41D5-BB25-E8BE2D9DFE31}
		{80006CEB-F554-45BF-ADB7-0779F89658FE} = {8F0BD1C5-6CDE-41D5-BB25-E8BE2D9DFE31}
		{591D64FC-96DB-41F2-9CB1-F95E52FD10FF} = {8F0BD1C5-6CDE-41D5-BB25-E8BE2D9DFE31}
		{E96BC89C-BFD5-4565-A491-7BF355AE7809} = {8F0BD1C5-6CDE-41D5-BB25-E8BE2D9DFE31}
	EndGlobalSection
	GlobalSection(ExtensibilityGlobals) = postSolution
		SolutionGuid = {201245D2-0E4F-4322-B627-170599BC3276}
	EndGlobalSection
EndGlobal
